// !$*UTF8*$!
{
	archiveVersion = 1;
	classes = {
	};
	objectVersion = 50;
	objects = {

/* Begin PBXBuildFile section */
		C830B29822FC208E00BADC94 /* simulation.cpp in Sources */ = {isa = PBXBuildFile; fileRef = C83DF4B622CDE00800757727 /* simulation.cpp */; };
		C830B29922FC20A300BADC94 /* random_generator.cpp in Sources */ = {isa = PBXBuildFile; fileRef = C80D7DE722E061180089650F /* random_generator.cpp */; };
		C830B29A22FC20E600BADC94 /* event.cpp in Sources */ = {isa = PBXBuildFile; fileRef = C83DF4B922CDE00800757727 /* event.cpp */; };
		C830B29B22FC20EF00BADC94 /* node.cpp in Sources */ = {isa = PBXBuildFile; fileRef = C83DF4B722CDE00800757727 /* node.cpp */; };
		C830B29C22FC20F800BADC94 /* patch.cpp in Sources */ = {isa = PBXBuildFile; fileRef = C83DF4B322CDE00800757727 /* patch.cpp */; };
		C830B29D22FC20F800BADC94 /* simulation.cpp in Sources */ = {isa = PBXBuildFile; fileRef = C83DF4B622CDE00800757727 /* simulation.cpp */; };
		C830B29E22FC20F800BADC94 /* tree.cpp in Sources */ = {isa = PBXBuildFile; fileRef = C83DF4BE22CE24A000757727 /* tree.cpp */; };
		C830B29F22FC20F800BADC94 /* random_generator.cpp in Sources */ = {isa = PBXBuildFile; fileRef = C80D7DE722E061180089650F /* random_generator.cpp */; };
		C830B2A022FC246800BADC94 /* patch.cpp in Sources */ = {isa = PBXBuildFile; fileRef = C83DF4B322CDE00800757727 /* patch.cpp */; };
		C830B2A122FC246E00BADC94 /* event.cpp in Sources */ = {isa = PBXBuildFile; fileRef = C83DF4B922CDE00800757727 /* event.cpp */; };
		C830B2A222FC246E00BADC94 /* node.cpp in Sources */ = {isa = PBXBuildFile; fileRef = C83DF4B722CDE00800757727 /* node.cpp */; };
		C830B2A322FC24E600BADC94 /* main.cpp in Sources */ = {isa = PBXBuildFile; fileRef = C685DFAF22C5F8C90057EE1B /* main.cpp */; };
		C8B44CAD22D7832C00E849B1 /* main.cpp in Sources */ = {isa = PBXBuildFile; fileRef = C8B44CAC22D7832C00E849B1 /* main.cpp */; };
		C8B7F4E222FC2AA9005F5417 /* parameters.cpp in Sources */ = {isa = PBXBuildFile; fileRef = C8B7F4E022FC2AA9005F5417 /* parameters.cpp */; };
		C8B7F4E422FC4B34005F5417 /* parameters.cpp in Sources */ = {isa = PBXBuildFile; fileRef = C8B7F4E322FC4B34005F5417 /* parameters.cpp */; };
		C8B7F4E522FC4D26005F5417 /* parameters.cpp in Sources */ = {isa = PBXBuildFile; fileRef = C8B7F4E022FC2AA9005F5417 /* parameters.cpp */; };
/* End PBXBuildFile section */

/* Begin PBXCopyFilesBuildPhase section */
		C685DFAA22C5F8C90057EE1B /* CopyFiles */ = {
			isa = PBXCopyFilesBuildPhase;
			buildActionMask = 2147483647;
			dstPath = /usr/share/man/man1/;
			dstSubfolderSpec = 0;
			files = (
			);
			runOnlyForDeploymentPostprocessing = 1;
		};
		C8B44CA822D7832C00E849B1 /* CopyFiles */ = {
			isa = PBXCopyFilesBuildPhase;
			buildActionMask = 2147483647;
			dstPath = /usr/share/man/man1/;
			dstSubfolderSpec = 0;
			files = (
			);
			runOnlyForDeploymentPostprocessing = 1;
		};
/* End PBXCopyFilesBuildPhase section */

/* Begin PBXFileReference section */
		C685DFAC22C5F8C90057EE1B /* coalescence */ = {isa = PBXFileReference; explicitFileType = "compiled.mach-o.executable"; includeInIndex = 0; path = coalescence; sourceTree = BUILT_PRODUCTS_DIR; };
		C685DFAF22C5F8C90057EE1B /* main.cpp */ = {isa = PBXFileReference; lastKnownFileType = sourcecode.cpp.cpp; path = main.cpp; sourceTree = "<group>"; };
		C80D7DE722E061180089650F /* random_generator.cpp */ = {isa = PBXFileReference; lastKnownFileType = sourcecode.cpp.cpp; path = random_generator.cpp; sourceTree = "<group>"; };
		C80D7DE822E061180089650F /* random_generator.hpp */ = {isa = PBXFileReference; lastKnownFileType = sourcecode.cpp.h; path = random_generator.hpp; sourceTree = "<group>"; };
		C83DF4B222CDE00700757727 /* node.hpp */ = {isa = PBXFileReference; fileEncoding = 4; lastKnownFileType = sourcecode.cpp.h; path = node.hpp; sourceTree = "<group>"; };
		C83DF4B322CDE00800757727 /* patch.cpp */ = {isa = PBXFileReference; fileEncoding = 4; lastKnownFileType = sourcecode.cpp.cpp; path = patch.cpp; sourceTree = "<group>"; };
		C83DF4B422CDE00800757727 /* simulation.hpp */ = {isa = PBXFileReference; fileEncoding = 4; lastKnownFileType = sourcecode.cpp.h; path = simulation.hpp; sourceTree = "<group>"; };
		C83DF4B522CDE00800757727 /* patch.hpp */ = {isa = PBXFileReference; fileEncoding = 4; lastKnownFileType = sourcecode.cpp.h; path = patch.hpp; sourceTree = "<group>"; };
		C83DF4B622CDE00800757727 /* simulation.cpp */ = {isa = PBXFileReference; fileEncoding = 4; lastKnownFileType = sourcecode.cpp.cpp; path = simulation.cpp; sourceTree = "<group>"; };
		C83DF4B722CDE00800757727 /* node.cpp */ = {isa = PBXFileReference; fileEncoding = 4; lastKnownFileType = sourcecode.cpp.cpp; path = node.cpp; sourceTree = "<group>"; };
		C83DF4B822CDE00800757727 /* event.hpp */ = {isa = PBXFileReference; fileEncoding = 4; lastKnownFileType = sourcecode.cpp.h; path = event.hpp; sourceTree = "<group>"; };
		C83DF4B922CDE00800757727 /* event.cpp */ = {isa = PBXFileReference; fileEncoding = 4; lastKnownFileType = sourcecode.cpp.cpp; path = event.cpp; sourceTree = "<group>"; };
		C83DF4BE22CE24A000757727 /* tree.cpp */ = {isa = PBXFileReference; lastKnownFileType = sourcecode.cpp.cpp; path = tree.cpp; sourceTree = "<group>"; };
		C83DF4BF22CE24A000757727 /* tree.hpp */ = {isa = PBXFileReference; lastKnownFileType = sourcecode.cpp.h; path = tree.hpp; sourceTree = "<group>"; };
		C8B44CAA22D7832C00E849B1 /* test_coalescence */ = {isa = PBXFileReference; explicitFileType = "compiled.mach-o.executable"; includeInIndex = 0; path = test_coalescence; sourceTree = BUILT_PRODUCTS_DIR; };
		C8B44CAC22D7832C00E849B1 /* main.cpp */ = {isa = PBXFileReference; lastKnownFileType = sourcecode.cpp.cpp; path = main.cpp; sourceTree = "<group>"; };
		C8B44CB122D7861800E849B1 /* catch.hpp */ = {isa = PBXFileReference; fileEncoding = 4; lastKnownFileType = sourcecode.cpp.h; path = catch.hpp; sourceTree = "<group>"; };
		C8B7F4E022FC2AA9005F5417 /* parameters.cpp */ = {isa = PBXFileReference; lastKnownFileType = sourcecode.cpp.cpp; path = parameters.cpp; sourceTree = "<group>"; };
		C8B7F4E122FC2AA9005F5417 /* parameters.hpp */ = {isa = PBXFileReference; lastKnownFileType = sourcecode.cpp.h; path = parameters.hpp; sourceTree = "<group>"; };
		C8B7F4E322FC4B34005F5417 /* parameters.cpp */ = {isa = PBXFileReference; lastKnownFileType = sourcecode.cpp.cpp; path = parameters.cpp; sourceTree = "<group>"; };
		C8B7F4E722FC5F82005F5417 /* parameters_testables.hpp */ = {isa = PBXFileReference; lastKnownFileType = sourcecode.cpp.h; path = parameters_testables.hpp; sourceTree = "<group>"; };
/* End PBXFileReference section */

/* Begin PBXFrameworksBuildPhase section */
		C685DFA922C5F8C90057EE1B /* Frameworks */ = {
			isa = PBXFrameworksBuildPhase;
			buildActionMask = 2147483647;
			files = (
			);
			runOnlyForDeploymentPostprocessing = 0;
		};
		C8B44CA722D7832C00E849B1 /* Frameworks */ = {
			isa = PBXFrameworksBuildPhase;
			buildActionMask = 2147483647;
			files = (
			);
			runOnlyForDeploymentPostprocessing = 0;
		};
/* End PBXFrameworksBuildPhase section */

/* Begin PBXGroup section */
		C685DFA322C5F8C90057EE1B = {
			isa = PBXGroup;
			children = (
				C685DFAE22C5F8C90057EE1B /* coalescence */,
				C8B44CAB22D7832C00E849B1 /* test_coalescence */,
				C685DFAD22C5F8C90057EE1B /* Products */,
			);
			sourceTree = "<group>";
		};
		C685DFAD22C5F8C90057EE1B /* Products */ = {
			isa = PBXGroup;
			children = (
				C685DFAC22C5F8C90057EE1B /* coalescence */,
				C8B44CAA22D7832C00E849B1 /* test_coalescence */,
			);
			name = Products;
			sourceTree = "<group>";
		};
		C685DFAE22C5F8C90057EE1B /* coalescence */ = {
			isa = PBXGroup;
			children = (
				C83DF4B922CDE00800757727 /* event.cpp */,
				C83DF4B822CDE00800757727 /* event.hpp */,
				C83DF4B722CDE00800757727 /* node.cpp */,
				C83DF4B222CDE00700757727 /* node.hpp */,
				C83DF4B322CDE00800757727 /* patch.cpp */,
				C83DF4B522CDE00800757727 /* patch.hpp */,
				C83DF4B622CDE00800757727 /* simulation.cpp */,
				C83DF4B422CDE00800757727 /* simulation.hpp */,
				C685DFAF22C5F8C90057EE1B /* main.cpp */,
				C83DF4BE22CE24A000757727 /* tree.cpp */,
				C83DF4BF22CE24A000757727 /* tree.hpp */,
				C80D7DE722E061180089650F /* random_generator.cpp */,
				C80D7DE822E061180089650F /* random_generator.hpp */,
				C8B7F4E022FC2AA9005F5417 /* parameters.cpp */,
				C8B7F4E122FC2AA9005F5417 /* parameters.hpp */,
			);
			path = coalescence;
			sourceTree = "<group>";
		};
		C8B44CAB22D7832C00E849B1 /* test_coalescence */ = {
			isa = PBXGroup;
			children = (
				C8B44CB122D7861800E849B1 /* catch.hpp */,
				C8B44CAC22D7832C00E849B1 /* main.cpp */,
				C8B7F4E322FC4B34005F5417 /* parameters.cpp */,
				C8B7F4E722FC5F82005F5417 /* parameters_testables.hpp */,
			);
			path = test_coalescence;
			sourceTree = "<group>";
		};
/* End PBXGroup section */

/* Begin PBXNativeTarget section */
		C685DFAB22C5F8C90057EE1B /* coalescence */ = {
			isa = PBXNativeTarget;
			buildConfigurationList = C685DFB322C5F8C90057EE1B /* Build configuration list for PBXNativeTarget "coalescence" */;
			buildPhases = (
				C685DFA822C5F8C90057EE1B /* Sources */,
				C685DFA922C5F8C90057EE1B /* Frameworks */,
				C685DFAA22C5F8C90057EE1B /* CopyFiles */,
			);
			buildRules = (
			);
			dependencies = (
			);
			name = coalescence;
			productName = coalescence;
			productReference = C685DFAC22C5F8C90057EE1B /* coalescence */;
			productType = "com.apple.product-type.tool";
		};
		C8B44CA922D7832C00E849B1 /* test_coalescence */ = {
			isa = PBXNativeTarget;
			buildConfigurationList = C8B44CAE22D7832C00E849B1 /* Build configuration list for PBXNativeTarget "test_coalescence" */;
			buildPhases = (
				C8B44CA622D7832C00E849B1 /* Sources */,
				C8B44CA722D7832C00E849B1 /* Frameworks */,
				C8B44CA822D7832C00E849B1 /* CopyFiles */,
			);
			buildRules = (
			);
			dependencies = (
			);
			name = test_coalescence;
			productName = test_coalescence;
			productReference = C8B44CAA22D7832C00E849B1 /* test_coalescence */;
			productType = "com.apple.product-type.tool";
		};
/* End PBXNativeTarget section */

/* Begin PBXProject section */
		C685DFA422C5F8C90057EE1B /* Project object */ = {
			isa = PBXProject;
			attributes = {
				LastUpgradeCheck = 1020;
				ORGANIZATIONNAME = "Frédéric Michaud";
				TargetAttributes = {
					C685DFAB22C5F8C90057EE1B = {
						CreatedOnToolsVersion = 10.2;
					};
					C8B44CA922D7832C00E849B1 = {
						CreatedOnToolsVersion = 10.2.1;
					};
				};
			};
			buildConfigurationList = C685DFA722C5F8C90057EE1B /* Build configuration list for PBXProject "coalescence" */;
			compatibilityVersion = "Xcode 9.3";
			developmentRegion = en;
			hasScannedForEncodings = 0;
			knownRegions = (
				en,
				Base,
			);
			mainGroup = C685DFA322C5F8C90057EE1B;
			productRefGroup = C685DFAD22C5F8C90057EE1B /* Products */;
			projectDirPath = "";
			projectRoot = "";
			targets = (
				C685DFAB22C5F8C90057EE1B /* coalescence */,
				C8B44CA922D7832C00E849B1 /* test_coalescence */,
			);
		};
/* End PBXProject section */

/* Begin PBXSourcesBuildPhase section */
		C685DFA822C5F8C90057EE1B /* Sources */ = {
			isa = PBXSourcesBuildPhase;
			buildActionMask = 2147483647;
			files = (
				C830B29D22FC20F800BADC94 /* simulation.cpp in Sources */,
				C830B29A22FC20E600BADC94 /* event.cpp in Sources */,
				C830B29F22FC20F800BADC94 /* random_generator.cpp in Sources */,
				C8B7F4E222FC2AA9005F5417 /* parameters.cpp in Sources */,
				C830B29B22FC20EF00BADC94 /* node.cpp in Sources */,
				C830B2A322FC24E600BADC94 /* main.cpp in Sources */,
				C830B29E22FC20F800BADC94 /* tree.cpp in Sources */,
				C830B29C22FC20F800BADC94 /* patch.cpp in Sources */,
			);
			runOnlyForDeploymentPostprocessing = 0;
		};
		C8B44CA622D7832C00E849B1 /* Sources */ = {
			isa = PBXSourcesBuildPhase;
			buildActionMask = 2147483647;
			files = (
				C830B29822FC208E00BADC94 /* simulation.cpp in Sources */,
				C8B44CAD22D7832C00E849B1 /* main.cpp in Sources */,
				C830B2A022FC246800BADC94 /* patch.cpp in Sources */,
				C8B7F4E522FC4D26005F5417 /* parameters.cpp in Sources */,
				C830B29922FC20A300BADC94 /* random_generator.cpp in Sources */,
				C830B2A122FC246E00BADC94 /* event.cpp in Sources */,
				C830B2A222FC246E00BADC94 /* node.cpp in Sources */,
				C8B7F4E422FC4B34005F5417 /* parameters.cpp in Sources */,
			);
			runOnlyForDeploymentPostprocessing = 0;
		};
/* End PBXSourcesBuildPhase section */

/* Begin XCBuildConfiguration section */
		C685DFB122C5F8C90057EE1B /* Debug */ = {
			isa = XCBuildConfiguration;
			buildSettings = {
				ALWAYS_SEARCH_USER_PATHS = NO;
				CLANG_ANALYZER_NONNULL = YES;
				CLANG_ANALYZER_NUMBER_OBJECT_CONVERSION = YES_AGGRESSIVE;
				CLANG_CXX_LANGUAGE_STANDARD = "gnu++14";
				CLANG_CXX_LIBRARY = "libc++";
				CLANG_ENABLE_MODULES = YES;
				CLANG_ENABLE_OBJC_ARC = YES;
				CLANG_ENABLE_OBJC_WEAK = YES;
				CLANG_WARN_BLOCK_CAPTURE_AUTORELEASING = YES;
				CLANG_WARN_BOOL_CONVERSION = YES;
				CLANG_WARN_COMMA = YES;
				CLANG_WARN_CONSTANT_CONVERSION = YES;
				CLANG_WARN_DEPRECATED_OBJC_IMPLEMENTATIONS = YES;
				CLANG_WARN_DIRECT_OBJC_ISA_USAGE = YES_ERROR;
				CLANG_WARN_DOCUMENTATION_COMMENTS = YES;
				CLANG_WARN_EMPTY_BODY = YES;
				CLANG_WARN_ENUM_CONVERSION = YES;
				CLANG_WARN_INFINITE_RECURSION = YES;
				CLANG_WARN_INT_CONVERSION = YES;
				CLANG_WARN_NON_LITERAL_NULL_CONVERSION = YES;
				CLANG_WARN_OBJC_IMPLICIT_RETAIN_SELF = NO;
				CLANG_WARN_OBJC_LITERAL_CONVERSION = YES;
				CLANG_WARN_OBJC_ROOT_CLASS = YES_ERROR;
				CLANG_WARN_RANGE_LOOP_ANALYSIS = YES;
				CLANG_WARN_STRICT_PROTOTYPES = YES;
				CLANG_WARN_SUSPICIOUS_MOVE = YES;
				CLANG_WARN_UNGUARDED_AVAILABILITY = YES_AGGRESSIVE;
				CLANG_WARN_UNREACHABLE_CODE = YES;
				CLANG_WARN__DUPLICATE_METHOD_MATCH = YES;
				CODE_SIGN_IDENTITY = "-";
				COPY_PHASE_STRIP = NO;
				DEBUG_INFORMATION_FORMAT = dwarf;
				ENABLE_STRICT_OBJC_MSGSEND = YES;
				ENABLE_TESTABILITY = YES;
				GCC_C_LANGUAGE_STANDARD = gnu11;
				GCC_DYNAMIC_NO_PIC = NO;
				GCC_NO_COMMON_BLOCKS = NO;
				GCC_OPTIMIZATION_LEVEL = 0;
				GCC_PREPROCESSOR_DEFINITIONS = (
					"DEBUG=1",
					"$(inherited)",
				);
				GCC_WARN_64_TO_32_BIT_CONVERSION = YES;
				GCC_WARN_ABOUT_RETURN_TYPE = YES_ERROR;
				GCC_WARN_UNDECLARED_SELECTOR = YES;
				GCC_WARN_UNINITIALIZED_AUTOS = YES_AGGRESSIVE;
				GCC_WARN_UNUSED_FUNCTION = YES;
				GCC_WARN_UNUSED_VARIABLE = YES;
				MACOSX_DEPLOYMENT_TARGET = 10.14;
				MTL_ENABLE_DEBUG_INFO = INCLUDE_SOURCE;
				MTL_FAST_MATH = YES;
				ONLY_ACTIVE_ARCH = YES;
				SDKROOT = macosx;
			};
			name = Debug;
		};
		C685DFB222C5F8C90057EE1B /* Release */ = {
			isa = XCBuildConfiguration;
			buildSettings = {
				ALWAYS_SEARCH_USER_PATHS = NO;
				CLANG_ANALYZER_NONNULL = YES;
				CLANG_ANALYZER_NUMBER_OBJECT_CONVERSION = YES_AGGRESSIVE;
				CLANG_CXX_LANGUAGE_STANDARD = "gnu++14";
				CLANG_CXX_LIBRARY = "libc++";
				CLANG_ENABLE_MODULES = YES;
				CLANG_ENABLE_OBJC_ARC = YES;
				CLANG_ENABLE_OBJC_WEAK = YES;
				CLANG_WARN_BLOCK_CAPTURE_AUTORELEASING = YES;
				CLANG_WARN_BOOL_CONVERSION = YES;
				CLANG_WARN_COMMA = YES;
				CLANG_WARN_CONSTANT_CONVERSION = YES;
				CLANG_WARN_DEPRECATED_OBJC_IMPLEMENTATIONS = YES;
				CLANG_WARN_DIRECT_OBJC_ISA_USAGE = YES_ERROR;
				CLANG_WARN_DOCUMENTATION_COMMENTS = YES;
				CLANG_WARN_EMPTY_BODY = YES;
				CLANG_WARN_ENUM_CONVERSION = YES;
				CLANG_WARN_INFINITE_RECURSION = YES;
				CLANG_WARN_INT_CONVERSION = YES;
				CLANG_WARN_NON_LITERAL_NULL_CONVERSION = YES;
				CLANG_WARN_OBJC_IMPLICIT_RETAIN_SELF = NO;
				CLANG_WARN_OBJC_LITERAL_CONVERSION = YES;
				CLANG_WARN_OBJC_ROOT_CLASS = YES_ERROR;
				CLANG_WARN_RANGE_LOOP_ANALYSIS = YES;
				CLANG_WARN_STRICT_PROTOTYPES = YES;
				CLANG_WARN_SUSPICIOUS_MOVE = YES;
				CLANG_WARN_UNGUARDED_AVAILABILITY = YES_AGGRESSIVE;
				CLANG_WARN_UNREACHABLE_CODE = YES;
				CLANG_WARN__DUPLICATE_METHOD_MATCH = YES;
				CODE_SIGN_IDENTITY = "-";
				COPY_PHASE_STRIP = NO;
				DEBUG_INFORMATION_FORMAT = "dwarf-with-dsym";
				ENABLE_NS_ASSERTIONS = NO;
				ENABLE_STRICT_OBJC_MSGSEND = YES;
				GCC_C_LANGUAGE_STANDARD = gnu11;
				GCC_NO_COMMON_BLOCKS = NO;
				GCC_WARN_64_TO_32_BIT_CONVERSION = YES;
				GCC_WARN_ABOUT_RETURN_TYPE = YES_ERROR;
				GCC_WARN_UNDECLARED_SELECTOR = YES;
				GCC_WARN_UNINITIALIZED_AUTOS = YES_AGGRESSIVE;
				GCC_WARN_UNUSED_FUNCTION = YES;
				GCC_WARN_UNUSED_VARIABLE = YES;
				MACOSX_DEPLOYMENT_TARGET = 10.14;
				MTL_ENABLE_DEBUG_INFO = NO;
				MTL_FAST_MATH = YES;
				SDKROOT = macosx;
			};
			name = Release;
		};
		C685DFB422C5F8C90057EE1B /* Debug */ = {
			isa = XCBuildConfiguration;
			buildSettings = {
				CLANG_WARN_OBJC_IMPLICIT_RETAIN_SELF = NO;
				CODE_SIGN_STYLE = Manual;
				DEVELOPMENT_TEAM = "";
				GCC_NO_COMMON_BLOCKS = NO;
				PRODUCT_NAME = "$(TARGET_NAME)";
				PROVISIONING_PROFILE_SPECIFIER = "";
			};
			name = Debug;
		};
		C685DFB522C5F8C90057EE1B /* Release */ = {
			isa = XCBuildConfiguration;
			buildSettings = {
				CLANG_WARN_OBJC_IMPLICIT_RETAIN_SELF = NO;
				CODE_SIGN_STYLE = Manual;
				DEVELOPMENT_TEAM = "";
				GCC_NO_COMMON_BLOCKS = NO;
				PRODUCT_NAME = "$(TARGET_NAME)";
				PROVISIONING_PROFILE_SPECIFIER = "";
			};
			name = Release;
		};
		C8B44CAF22D7832C00E849B1 /* Debug */ = {
			isa = XCBuildConfiguration;
			buildSettings = {
				CLANG_WARN_OBJC_IMPLICIT_RETAIN_SELF = NO;
				CODE_SIGN_STYLE = Automatic;
				GCC_NO_COMMON_BLOCKS = NO;
				"LD_RUNPATH_SEARCH_PATHS[arch=*]" = /Users/fmichaud/coalescence/coalescence;
				"OTHER_LIBTOOLFLAGS[arch=*]" = /Users/fmichaud/coalescence/coalescence;
				"PRELINK_LIBS[arch=*]" = /Users/fmichaud/coalescence/coalescence;
				PRODUCT_NAME = "$(TARGET_NAME)";
			};
			name = Debug;
		};
		C8B44CB022D7832C00E849B1 /* Release */ = {
			isa = XCBuildConfiguration;
			buildSettings = {
				CLANG_WARN_OBJC_IMPLICIT_RETAIN_SELF = NO;
				CODE_SIGN_STYLE = Automatic;
				GCC_NO_COMMON_BLOCKS = NO;
				"LD_RUNPATH_SEARCH_PATHS[arch=*]" = /Users/fmichaud/coalescence/coalescence;
				LIBRARY_SEARCH_PATHS = "";
				"OTHER_LIBTOOLFLAGS[arch=*]" = /Users/fmichaud/coalescence/coalescence;
				"PRELINK_LIBS[arch=*]" = /Users/fmichaud/coalescence/coalescence;
				PRODUCT_NAME = "$(TARGET_NAME)";
			};
			name = Release;
		};
/* End XCBuildConfiguration section */

/* Begin XCConfigurationList section */
		C685DFA722C5F8C90057EE1B /* Build configuration list for PBXProject "coalescence" */ = {
			isa = XCConfigurationList;
			buildConfigurations = (
				C685DFB122C5F8C90057EE1B /* Debug */,
				C685DFB222C5F8C90057EE1B /* Release */,
			);
			defaultConfigurationIsVisible = 0;
			defaultConfigurationName = Release;
		};
		C685DFB322C5F8C90057EE1B /* Build configuration list for PBXNativeTarget "coalescence" */ = {
			isa = XCConfigurationList;
			buildConfigurations = (
				C685DFB422C5F8C90057EE1B /* Debug */,
				C685DFB522C5F8C90057EE1B /* Release */,
			);
			defaultConfigurationIsVisible = 0;
			defaultConfigurationName = Release;
		};
		C8B44CAE22D7832C00E849B1 /* Build configuration list for PBXNativeTarget "test_coalescence" */ = {
			isa = XCConfigurationList;
			buildConfigurations = (
				C8B44CAF22D7832C00E849B1 /* Debug */,
				C8B44CB022D7832C00E849B1 /* Release */,
			);
			defaultConfigurationIsVisible = 0;
			defaultConfigurationName = Release;
		};
/* End XCConfigurationList section */
	};
	rootObject = C685DFA422C5F8C90057EE1B /* Project object */;
}
