// !$*UTF8*$!
{
	archiveVersion = 1;
	classes = {
	};
	objectVersion = 50;
	objects = {

/* Begin PBXBuildFile section */
		C685DFB022C5F8C90057EE1B /* main.cpp in Sources */ = {isa = PBXBuildFile; fileRef = C685DFAF22C5F8C90057EE1B /* main.cpp */; };
		C83DF4BA22CDE00800757727 /* patch.cpp in Sources */ = {isa = PBXBuildFile; fileRef = C83DF4B322CDE00800757727 /* patch.cpp */; };
		C83DF4BB22CDE00800757727 /* simulation.cpp in Sources */ = {isa = PBXBuildFile; fileRef = C83DF4B622CDE00800757727 /* simulation.cpp */; };
		C83DF4BC22CDE00800757727 /* node.cpp in Sources */ = {isa = PBXBuildFile; fileRef = C83DF4B722CDE00800757727 /* node.cpp */; };
		C83DF4BD22CDE00800757727 /* event.cpp in Sources */ = {isa = PBXBuildFile; fileRef = C83DF4B922CDE00800757727 /* event.cpp */; };
		C83DF4C022CE24A000757727 /* tree.cpp in Sources */ = {isa = PBXBuildFile; fileRef = C83DF4BE22CE24A000757727 /* tree.cpp */; };
/* End PBXBuildFile section */

/* Begin PBXCopyFilesBuildPhase section */
		C685DFAA22C5F8C90057EE1B /* CopyFiles */ = {
			isa = PBXCopyFilesBuildPhase;
			buildActionMask = 2147483647;
			dstPath = /usr/share/man/man1/;
			dstSubfolderSpec = 0;
			files = (
			);
			runOnlyForDeploymentPostprocessing = 1;
		};
/* End PBXCopyFilesBuildPhase section */

/* Begin PBXFileReference section */
		C685DFAC22C5F8C90057EE1B /* coalescence */ = {isa = PBXFileReference; explicitFileType = "compiled.mach-o.executable"; includeInIndex = 0; path = coalescence; sourceTree = BUILT_PRODUCTS_DIR; };
		C685DFAF22C5F8C90057EE1B /* main.cpp */ = {isa = PBXFileReference; lastKnownFileType = sourcecode.cpp.cpp; path = main.cpp; sourceTree = "<group>"; };
		C83DF4B222CDE00700757727 /* node.hpp */ = {isa = PBXFileReference; fileEncoding = 4; lastKnownFileType = sourcecode.cpp.h; path = node.hpp; sourceTree = "<group>"; };
		C83DF4B322CDE00800757727 /* patch.cpp */ = {isa = PBXFileReference; fileEncoding = 4; lastKnownFileType = sourcecode.cpp.cpp; path = patch.cpp; sourceTree = "<group>"; };
		C83DF4B422CDE00800757727 /* simulation.hpp */ = {isa = PBXFileReference; fileEncoding = 4; lastKnownFileType = sourcecode.cpp.h; path = simulation.hpp; sourceTree = "<group>"; };
		C83DF4B522CDE00800757727 /* patch.hpp */ = {isa = PBXFileReference; fileEncoding = 4; lastKnownFileType = sourcecode.cpp.h; path = patch.hpp; sourceTree = "<group>"; };
		C83DF4B622CDE00800757727 /* simulation.cpp */ = {isa = PBXFileReference; fileEncoding = 4; lastKnownFileType = sourcecode.cpp.cpp; path = simulation.cpp; sourceTree = "<group>"; };
		C83DF4B722CDE00800757727 /* node.cpp */ = {isa = PBXFileReference; fileEncoding = 4; lastKnownFileType = sourcecode.cpp.cpp; path = node.cpp; sourceTree = "<group>"; };
		C83DF4B822CDE00800757727 /* event.hpp */ = {isa = PBXFileReference; fileEncoding = 4; lastKnownFileType = sourcecode.cpp.h; path = event.hpp; sourceTree = "<group>"; };
		C83DF4B922CDE00800757727 /* event.cpp */ = {isa = PBXFileReference; fileEncoding = 4; lastKnownFileType = sourcecode.cpp.cpp; path = event.cpp; sourceTree = "<group>"; };
		C83DF4BE22CE24A000757727 /* tree.cpp */ = {isa = PBXFileReference; lastKnownFileType = sourcecode.cpp.cpp; path = tree.cpp; sourceTree = "<group>"; };
		C83DF4BF22CE24A000757727 /* tree.hpp */ = {isa = PBXFileReference; lastKnownFileType = sourcecode.cpp.h; path = tree.hpp; sourceTree = "<group>"; };
/* End PBXFileReference section */

/* Begin PBXFrameworksBuildPhase section */
		C685DFA922C5F8C90057EE1B /* Frameworks */ = {
			isa = PBXFrameworksBuildPhase;
			buildActionMask = 2147483647;
			files = (
			);
			runOnlyForDeploymentPostprocessing = 0;
		};
/* End PBXFrameworksBuildPhase section */

/* Begin PBXGroup section */
		C685DFA322C5F8C90057EE1B = {
			isa = PBXGroup;
			children = (
				C685DFAE22C5F8C90057EE1B /* coalescence */,
				C685DFAD22C5F8C90057EE1B /* Products */,
			);
			sourceTree = "<group>";
		};
		C685DFAD22C5F8C90057EE1B /* Products */ = {
			isa = PBXGroup;
			children = (
				C685DFAC22C5F8C90057EE1B /* coalescence */,
			);
			name = Products;
			sourceTree = "<group>";
		};
		C685DFAE22C5F8C90057EE1B /* coalescence */ = {
			isa = PBXGroup;
			children = (
				C83DF4B922CDE00800757727 /* event.cpp */,
				C83DF4B822CDE00800757727 /* event.hpp */,
				C83DF4B722CDE00800757727 /* node.cpp */,
				C83DF4B222CDE00700757727 /* node.hpp */,
				C83DF4B322CDE00800757727 /* patch.cpp */,
				C83DF4B522CDE00800757727 /* patch.hpp */,
				C83DF4B622CDE00800757727 /* simulation.cpp */,
				C83DF4B422CDE00800757727 /* simulation.hpp */,
				C685DFAF22C5F8C90057EE1B /* main.cpp */,
				C83DF4BE22CE24A000757727 /* tree.cpp */,
				C83DF4BF22CE24A000757727 /* tree.hpp */,
			);
			path = coalescence;
			sourceTree = "<group>";
		};
/* End PBXGroup section */

/* Begin PBXNativeTarget section */
		C685DFAB22C5F8C90057EE1B /* coalescence */ = {
			isa = PBXNativeTarget;
			buildConfigurationList = C685DFB322C5F8C90057EE1B /* Build configuration list for PBXNativeTarget "coalescence" */;
			buildPhases = (
				C685DFA822C5F8C90057EE1B /* Sources */,
				C685DFA922C5F8C90057EE1B /* Frameworks */,
				C685DFAA22C5F8C90057EE1B /* CopyFiles */,
			);
			buildRules = (
			);
			dependencies = (
			);
			name = coalescence;
			productName = coalescence;
			productReference = C685DFAC22C5F8C90057EE1B /* coalescence */;
			productType = "com.apple.product-type.tool";
		};
/* End PBXNativeTarget section */

/* Begin PBXProject section */
		C685DFA422C5F8C90057EE1B /* Project object */ = {
			isa = PBXProject;
			attributes = {
				LastUpgradeCheck = 1020;
				ORGANIZATIONNAME = "Frédéric Michaud";
				TargetAttributes = {
					C685DFAB22C5F8C90057EE1B = {
						CreatedOnToolsVersion = 10.2;
					};
				};
			};
			buildConfigurationList = C685DFA722C5F8C90057EE1B /* Build configuration list for PBXProject "coalescence" */;
			compatibilityVersion = "Xcode 9.3";
			developmentRegion = en;
			hasScannedForEncodings = 0;
			knownRegions = (
				en,
			);
			mainGroup = C685DFA322C5F8C90057EE1B;
			productRefGroup = C685DFAD22C5F8C90057EE1B /* Products */;
			projectDirPath = "";
			projectRoot = "";
			targets = (
				C685DFAB22C5F8C90057EE1B /* coalescence */,
			);
		};
/* End PBXProject section */

/* Begin PBXSourcesBuildPhase section */
		C685DFA822C5F8C90057EE1B /* Sources */ = {
			isa = PBXSourcesBuildPhase;
			buildActionMask = 2147483647;
			files = (
				C83DF4BA22CDE00800757727 /* patch.cpp in Sources */,
				C685DFB022C5F8C90057EE1B /* main.cpp in Sources */,
				C83DF4BB22CDE00800757727 /* simulation.cpp in Sources */,
				C83DF4BC22CDE00800757727 /* node.cpp in Sources */,
				C83DF4BD22CDE00800757727 /* event.cpp in Sources */,
				C83DF4C022CE24A000757727 /* tree.cpp in Sources */,
			);
			runOnlyForDeploymentPostprocessing = 0;
		};
/* End PBXSourcesBuildPhase section */

/* Begin XCBuildConfiguration section */
		C685DFB122C5F8C90057EE1B /* Debug */ = {
			isa = XCBuildConfiguration;
			buildSettings = {
				ALWAYS_SEARCH_USER_PATHS = NO;
				CLANG_ANALYZER_NONNULL = YES;
				CLANG_ANALYZER_NUMBER_OBJECT_CONVERSION = YES_AGGRESSIVE;
				CLANG_CXX_LANGUAGE_STANDARD = "gnu++14";
				CLANG_CXX_LIBRARY = "libc++";
				CLANG_ENABLE_MODULES = YES;
				CLANG_ENABLE_OBJC_ARC = YES;
				CLANG_ENABLE_OBJC_WEAK = YES;
				CLANG_WARN_BLOCK_CAPTURE_AUTORELEASING = YES;
				CLANG_WARN_BOOL_CONVERSION = YES;
				CLANG_WARN_COMMA = YES;
				CLANG_WARN_CONSTANT_CONVERSION = YES;
				CLANG_WARN_DEPRECATED_OBJC_IMPLEMENTATIONS = YES;
				CLANG_WARN_DIRECT_OBJC_ISA_USAGE = YES_ERROR;
				CLANG_WARN_DOCUMENTATION_COMMENTS = YES;
				CLANG_WARN_EMPTY_BODY = YES;
				CLANG_WARN_ENUM_CONVERSION = YES;
				CLANG_WARN_INFINITE_RECURSION = YES;
				CLANG_WARN_INT_CONVERSION = YES;
				CLANG_WARN_NON_LITERAL_NULL_CONVERSION = YES;
				CLANG_WARN_OBJC_IMPLICIT_RETAIN_SELF = YES;
				CLANG_WARN_OBJC_LITERAL_CONVERSION = YES;
				CLANG_WARN_OBJC_ROOT_CLASS = YES_ERROR;
				CLANG_WARN_RANGE_LOOP_ANALYSIS = YES;
				CLANG_WARN_STRICT_PROTOTYPES = YES;
				CLANG_WARN_SUSPICIOUS_MOVE = YES;
				CLANG_WARN_UNGUARDED_AVAILABILITY = YES_AGGRESSIVE;
				CLANG_WARN_UNREACHABLE_CODE = YES;
				CLANG_WARN__DUPLICATE_METHOD_MATCH = YES;
				CODE_SIGN_IDENTITY = "-";
				COPY_PHASE_STRIP = NO;
				DEBUG_INFORMATION_FORMAT = dwarf;
				ENABLE_STRICT_OBJC_MSGSEND = YES;
				ENABLE_TESTABILITY = YES;
				GCC_C_LANGUAGE_STANDARD = gnu11;
				GCC_DYNAMIC_NO_PIC = NO;
				GCC_NO_COMMON_BLOCKS = YES;
				GCC_OPTIMIZATION_LEVEL = 0;
				GCC_PREPROCESSOR_DEFINITIONS = (
					"DEBUG=1",
					"$(inherited)",
				);
				GCC_WARN_64_TO_32_BIT_CONVERSION = YES;
				GCC_WARN_ABOUT_RETURN_TYPE = YES_ERROR;
				GCC_WARN_UNDECLARED_SELECTOR = YES;
				GCC_WARN_UNINITIALIZED_AUTOS = YES_AGGRESSIVE;
				GCC_WARN_UNUSED_FUNCTION = YES;
				GCC_WARN_UNUSED_VARIABLE = YES;
				MACOSX_DEPLOYMENT_TARGET = 10.14;
				MTL_ENABLE_DEBUG_INFO = INCLUDE_SOURCE;
				MTL_FAST_MATH = YES;
				ONLY_ACTIVE_ARCH = YES;
				SDKROOT = macosx;
			};
			name = Debug;
		};
		C685DFB222C5F8C90057EE1B /* Release */ = {
			isa = XCBuildConfiguration;
			buildSettings = {
				ALWAYS_SEARCH_USER_PATHS = NO;
				CLANG_ANALYZER_NONNULL = YES;
				CLANG_ANALYZER_NUMBER_OBJECT_CONVERSION = YES_AGGRESSIVE;
				CLANG_CXX_LANGUAGE_STANDARD = "gnu++14";
				CLANG_CXX_LIBRARY = "libc++";
				CLANG_ENABLE_MODULES = YES;
				CLANG_ENABLE_OBJC_ARC = YES;
				CLANG_ENABLE_OBJC_WEAK = YES;
				CLANG_WARN_BLOCK_CAPTURE_AUTORELEASING = YES;
				CLANG_WARN_BOOL_CONVERSION = YES;
				CLANG_WARN_COMMA = YES;
				CLANG_WARN_CONSTANT_CONVERSION = YES;
				CLANG_WARN_DEPRECATED_OBJC_IMPLEMENTATIONS = YES;
				CLANG_WARN_DIRECT_OBJC_ISA_USAGE = YES_ERROR;
				CLANG_WARN_DOCUMENTATION_COMMENTS = YES;
				CLANG_WARN_EMPTY_BODY = YES;
				CLANG_WARN_ENUM_CONVERSION = YES;
				CLANG_WARN_INFINITE_RECURSION = YES;
				CLANG_WARN_INT_CONVERSION = YES;
				CLANG_WARN_NON_LITERAL_NULL_CONVERSION = YES;
				CLANG_WARN_OBJC_IMPLICIT_RETAIN_SELF = YES;
				CLANG_WARN_OBJC_LITERAL_CONVERSION = YES;
				CLANG_WARN_OBJC_ROOT_CLASS = YES_ERROR;
				CLANG_WARN_RANGE_LOOP_ANALYSIS = YES;
				CLANG_WARN_STRICT_PROTOTYPES = YES;
				CLANG_WARN_SUSPICIOUS_MOVE = YES;
				CLANG_WARN_UNGUARDED_AVAILABILITY = YES_AGGRESSIVE;
				CLANG_WARN_UNREACHABLE_CODE = YES;
				CLANG_WARN__DUPLICATE_METHOD_MATCH = YES;
				CODE_SIGN_IDENTITY = "-";
				COPY_PHASE_STRIP = NO;
				DEBUG_INFORMATION_FORMAT = "dwarf-with-dsym";
				ENABLE_NS_ASSERTIONS = NO;
				ENABLE_STRICT_OBJC_MSGSEND = YES;
				GCC_C_LANGUAGE_STANDARD = gnu11;
				GCC_NO_COMMON_BLOCKS = YES;
				GCC_WARN_64_TO_32_BIT_CONVERSION = YES;
				GCC_WARN_ABOUT_RETURN_TYPE = YES_ERROR;
				GCC_WARN_UNDECLARED_SELECTOR = YES;
				GCC_WARN_UNINITIALIZED_AUTOS = YES_AGGRESSIVE;
				GCC_WARN_UNUSED_FUNCTION = YES;
				GCC_WARN_UNUSED_VARIABLE = YES;
				MACOSX_DEPLOYMENT_TARGET = 10.14;
				MTL_ENABLE_DEBUG_INFO = NO;
				MTL_FAST_MATH = YES;
				SDKROOT = macosx;
			};
			name = Release;
		};
		C685DFB422C5F8C90057EE1B /* Debug */ = {
			isa = XCBuildConfiguration;
			buildSettings = {
				CODE_SIGN_STYLE = Manual;
				DEVELOPMENT_TEAM = "";
				PRODUCT_NAME = "$(TARGET_NAME)";
				PROVISIONING_PROFILE_SPECIFIER = "";
			};
			name = Debug;
		};
		C685DFB522C5F8C90057EE1B /* Release */ = {
			isa = XCBuildConfiguration;
			buildSettings = {
				CODE_SIGN_STYLE = Manual;
				DEVELOPMENT_TEAM = "";
				PRODUCT_NAME = "$(TARGET_NAME)";
				PROVISIONING_PROFILE_SPECIFIER = "";
			};
			name = Release;
		};
/* End XCBuildConfiguration section */

/* Begin XCConfigurationList section */
		C685DFA722C5F8C90057EE1B /* Build configuration list for PBXProject "coalescence" */ = {
			isa = XCConfigurationList;
			buildConfigurations = (
				C685DFB122C5F8C90057EE1B /* Debug */,
				C685DFB222C5F8C90057EE1B /* Release */,
			);
			defaultConfigurationIsVisible = 0;
			defaultConfigurationName = Release;
		};
		C685DFB322C5F8C90057EE1B /* Build configuration list for PBXNativeTarget "coalescence" */ = {
			isa = XCConfigurationList;
			buildConfigurations = (
				C685DFB422C5F8C90057EE1B /* Debug */,
				C685DFB522C5F8C90057EE1B /* Release */,
			);
			defaultConfigurationIsVisible = 0;
			defaultConfigurationName = Release;
		};
/* End XCConfigurationList section */
	};
	rootObject = C685DFA422C5F8C90057EE1B /* Project object */;
}
